
Microsoft Visual Studio Solution File, Format Version 12.00
# Visual Studio 15
VisualStudioVersion = 15.0.27703.2018
MinimumVisualStudioVersion = 10.0.40219.1
Project("{FAE04EC0-301F-11D3-BF4B-00C04F79EFBC}") = "Asito QR.Android", "Asito QR\Asito QR.Android\Asito QR.Android.csproj", "{D6F916CC-529F-4D4A-81BD-ECBC6A14E37C}"
EndProject
Project("{FAE04EC0-301F-11D3-BF4B-00C04F79EFBC}") = "Asito QR.iOS", "Asito QR\Asito QR.iOS\Asito QR.iOS.csproj", "{2F5AC914-9437-4BE9-87C9-7661DFBDD45E}"
EndProject
Project("{FAE04EC0-301F-11D3-BF4B-00C04F79EFBC}") = "Asito QR", "Asito QR\Asito QR\Asito QR.csproj", "{3AFB301A-862D-412E-BD47-67B32707E22F}"
EndProject
Global
	GlobalSection(SolutionConfigurationPlatforms) = preSolution
		Ad-Hoc|Any CPU = Ad-Hoc|Any CPU
		Ad-Hoc|iPhone = Ad-Hoc|iPhone
		Ad-Hoc|iPhoneSimulator = Ad-Hoc|iPhoneSimulator
		AppStore|Any CPU = AppStore|Any CPU
		AppStore|iPhone = AppStore|iPhone
		AppStore|iPhoneSimulator = AppStore|iPhoneSimulator
		Debug|Any CPU = Debug|Any CPU
		Debug|iPhone = Debug|iPhone
		Debug|iPhoneSimulator = Debug|iPhoneSimulator
		Release|Any CPU = Release|Any CPU
		Release|iPhone = Release|iPhone
		Release|iPhoneSimulator = Release|iPhoneSimulator
	EndGlobalSection
	GlobalSection(ProjectConfigurationPlatforms) = postSolution
		{D6F916CC-529F-4D4A-81BD-ECBC6A14E37C}.Ad-Hoc|Any CPU.ActiveCfg = Release|Any CPU
		{D6F916CC-529F-4D4A-81BD-ECBC6A14E37C}.Ad-Hoc|Any CPU.Build.0 = Release|Any CPU
		{D6F916CC-529F-4D4A-81BD-ECBC6A14E37C}.Ad-Hoc|Any CPU.Deploy.0 = Release|Any CPU
		{D6F916CC-529F-4D4A-81BD-ECBC6A14E37C}.Ad-Hoc|iPhone.ActiveCfg = Release|Any CPU
		{D6F916CC-529F-4D4A-81BD-ECBC6A14E37C}.Ad-Hoc|iPhone.Build.0 = Release|Any CPU
		{D6F916CC-529F-4D4A-81BD-ECBC6A14E37C}.Ad-Hoc|iPhone.Deploy.0 = Release|Any CPU
		{D6F916CC-529F-4D4A-81BD-ECBC6A14E37C}.Ad-Hoc|iPhoneSimulator.ActiveCfg = Release|Any CPU
		{D6F916CC-529F-4D4A-81BD-ECBC6A14E37C}.Ad-Hoc|iPhoneSimulator.Build.0 = Release|Any CPU
		{D6F916CC-529F-4D4A-81BD-ECBC6A14E37C}.Ad-Hoc|iPhoneSimulator.Deploy.0 = Release|Any CPU
		{D6F916CC-529F-4D4A-81BD-ECBC6A14E37C}.AppStore|Any CPU.ActiveCfg = Release|Any CPU
		{D6F916CC-529F-4D4A-81BD-ECBC6A14E37C}.AppStore|Any CPU.Build.0 = Release|Any CPU
		{D6F916CC-529F-4D4A-81BD-ECBC6A14E37C}.AppStore|Any CPU.Deploy.0 = Release|Any CPU
		{D6F916CC-529F-4D4A-81BD-ECBC6A14E37C}.AppStore|iPhone.ActiveCfg = Release|Any CPU
		{D6F916CC-529F-4D4A-81BD-ECBC6A14E37C}.AppStore|iPhone.Build.0 = Release|Any CPU
		{D6F916CC-529F-4D4A-81BD-ECBC6A14E37C}.AppStore|iPhone.Deploy.0 = Release|Any CPU
		{D6F916CC-529F-4D4A-81BD-ECBC6A14E37C}.AppStore|iPhoneSimulator.ActiveCfg = Release|Any CPU
		{D6F916CC-529F-4D4A-81BD-ECBC6A14E37C}.AppStore|iPhoneSimulator.Build.0 = Release|Any CPU
		{D6F916CC-529F-4D4A-81BD-ECBC6A14E37C}.AppStore|iPhoneSimulator.Deploy.0 = Release|Any CPU
		{D6F916CC-529F-4D4A-81BD-ECBC6A14E37C}.Debug|Any CPU.ActiveCfg = Debug|Any CPU
		{D6F916CC-529F-4D4A-81BD-ECBC6A14E37C}.Debug|Any CPU.Build.0 = Debug|Any CPU
		{D6F916CC-529F-4D4A-81BD-ECBC6A14E37C}.Debug|Any CPU.Deploy.0 = Debug|Any CPU
		{D6F916CC-529F-4D4A-81BD-ECBC6A14E37C}.Debug|iPhone.ActiveCfg = Debug|Any CPU
		{D6F916CC-529F-4D4A-81BD-ECBC6A14E37C}.Debug|iPhone.Build.0 = Debug|Any CPU
		{D6F916CC-529F-4D4A-81BD-ECBC6A14E37C}.Debug|iPhone.Deploy.0 = Debug|Any CPU
		{D6F916CC-529F-4D4A-81BD-ECBC6A14E37C}.Debug|iPhoneSimulator.ActiveCfg = Debug|Any CPU
		{D6F916CC-529F-4D4A-81BD-ECBC6A14E37C}.Debug|iPhoneSimulator.Build.0 = Debug|Any CPU
		{D6F916CC-529F-4D4A-81BD-ECBC6A14E37C}.Debug|iPhoneSimulator.Deploy.0 = Debug|Any CPU
		{D6F916CC-529F-4D4A-81BD-ECBC6A14E37C}.Release|Any CPU.ActiveCfg = Release|Any CPU
		{D6F916CC-529F-4D4A-81BD-ECBC6A14E37C}.Release|Any CPU.Build.0 = Release|Any CPU
		{D6F916CC-529F-4D4A-81BD-ECBC6A14E37C}.Release|Any CPU.Deploy.0 = Release|Any CPU
		{D6F916CC-529F-4D4A-81BD-ECBC6A14E37C}.Release|iPhone.ActiveCfg = Release|Any CPU
		{D6F916CC-529F-4D4A-81BD-ECBC6A14E37C}.Release|iPhone.Build.0 = Release|Any CPU
		{D6F916CC-529F-4D4A-81BD-ECBC6A14E37C}.Release|iPhone.Deploy.0 = Release|Any CPU
		{D6F916CC-529F-4D4A-81BD-ECBC6A14E37C}.Release|iPhoneSimulator.ActiveCfg = Release|Any CPU
		{D6F916CC-529F-4D4A-81BD-ECBC6A14E37C}.Release|iPhoneSimulator.Build.0 = Release|Any CPU
		{D6F916CC-529F-4D4A-81BD-ECBC6A14E37C}.Release|iPhoneSimulator.Deploy.0 = Release|Any CPU
		{2F5AC914-9437-4BE9-87C9-7661DFBDD45E}.Ad-Hoc|Any CPU.ActiveCfg = Ad-Hoc|iPhone
		{2F5AC914-9437-4BE9-87C9-7661DFBDD45E}.Ad-Hoc|Any CPU.Build.0 = Ad-Hoc|iPhone
		{2F5AC914-9437-4BE9-87C9-7661DFBDD45E}.Ad-Hoc|Any CPU.Deploy.0 = Ad-Hoc|iPhone
		{2F5AC914-9437-4BE9-87C9-7661DFBDD45E}.Ad-Hoc|iPhone.ActiveCfg = Ad-Hoc|iPhone
		{2F5AC914-9437-4BE9-87C9-7661DFBDD45E}.Ad-Hoc|iPhone.Build.0 = Ad-Hoc|iPhone
		{2F5AC914-9437-4BE9-87C9-7661DFBDD45E}.Ad-Hoc|iPhone.Deploy.0 = Ad-Hoc|iPhone
		{2F5AC914-9437-4BE9-87C9-7661DFBDD45E}.Ad-Hoc|iPhoneSimulator.ActiveCfg = Ad-Hoc|iPhoneSimulator
		{2F5AC914-9437-4BE9-87C9-7661DFBDD45E}.Ad-Hoc|iPhoneSimulator.Build.0 = Ad-Hoc|iPhoneSimulator
		{2F5AC914-9437-4BE9-87C9-7661DFBDD45E}.Ad-Hoc|iPhoneSimulator.Deploy.0 = Ad-Hoc|iPhoneSimulator
		{2F5AC914-9437-4BE9-87C9-7661DFBDD45E}.AppStore|Any CPU.ActiveCfg = AppStore|iPhone
		{2F5AC914-9437-4BE9-87C9-7661DFBDD45E}.AppStore|Any CPU.Build.0 = AppStore|iPhone
		{2F5AC914-9437-4BE9-87C9-7661DFBDD45E}.AppStore|Any CPU.Deploy.0 = AppStore|iPhone
		{2F5AC914-9437-4BE9-87C9-7661DFBDD45E}.AppStore|iPhone.ActiveCfg = AppStore|iPhone
		{2F5AC914-9437-4BE9-87C9-7661DFBDD45E}.AppStore|iPhone.Build.0 = AppStore|iPhone
		{2F5AC914-9437-4BE9-87C9-7661DFBDD45E}.AppStore|iPhone.Deploy.0 = AppStore|iPhone
		{2F5AC914-9437-4BE9-87C9-7661DFBDD45E}.AppStore|iPhoneSimulator.ActiveCfg = AppStore|iPhoneSimulator
		{2F5AC914-9437-4BE9-87C9-7661DFBDD45E}.AppStore|iPhoneSimulator.Build.0 = AppStore|iPhoneSimulator
		{2F5AC914-9437-4BE9-87C9-7661DFBDD45E}.AppStore|iPhoneSimulator.Deploy.0 = AppStore|iPhoneSimulator
		{2F5AC914-9437-4BE9-87C9-7661DFBDD45E}.Debug|Any CPU.ActiveCfg = Debug|iPhoneSimulator
		{2F5AC914-9437-4BE9-87C9-7661DFBDD45E}.Debug|Any CPU.Build.0 = Debug|iPhoneSimulator
		{2F5AC914-9437-4BE9-87C9-7661DFBDD45E}.Debug|Any CPU.Deploy.0 = Debug|iPhoneSimulator
		{2F5AC914-9437-4BE9-87C9-7661DFBDD45E}.Debug|iPhone.ActiveCfg = Debug|iPhone
		{2F5AC914-9437-4BE9-87C9-7661DFBDD45E}.Debug|iPhone.Build.0 = Debug|iPhone
		{2F5AC914-9437-4BE9-87C9-7661DFBDD45E}.Debug|iPhone.Deploy.0 = Debug|iPhone
		{2F5AC914-9437-4BE9-87C9-7661DFBDD45E}.Debug|iPhoneSimulator.ActiveCfg = Debug|iPhoneSimulator
		{2F5AC914-9437-4BE9-87C9-7661DFBDD45E}.Debug|iPhoneSimulator.Build.0 = Debug|iPhoneSimulator
		{2F5AC914-9437-4BE9-87C9-7661DFBDD45E}.Debug|iPhoneSimulator.Deploy.0 = Debug|iPhoneSimulator
		{2F5AC914-9437-4BE9-87C9-7661DFBDD45E}.Release|Any CPU.ActiveCfg = Release|iPhone
		{2F5AC914-9437-4BE9-87C9-7661DFBDD45E}.Release|Any CPU.Build.0 = Release|iPhone
		{2F5AC914-9437-4BE9-87C9-7661DFBDD45E}.Release|Any CPU.Deploy.0 = Release|iPhone
		{2F5AC914-9437-4BE9-87C9-7661DFBDD45E}.Release|iPhone.ActiveCfg = Release|iPhone
		{2F5AC914-9437-4BE9-87C9-7661DFBDD45E}.Release|iPhone.Build.0 = Release|iPhone
		{2F5AC914-9437-4BE9-87C9-7661DFBDD45E}.Release|iPhone.Deploy.0 = Release|iPhone
		{2F5AC914-9437-4BE9-87C9-7661DFBDD45E}.Release|iPhoneSimulator.ActiveCfg = Release|iPhoneSimulator
		{2F5AC914-9437-4BE9-87C9-7661DFBDD45E}.Release|iPhoneSimulator.Build.0 = Release|iPhoneSimulator
		{2F5AC914-9437-4BE9-87C9-7661DFBDD45E}.Release|iPhoneSimulator.Deploy.0 = Release|iPhoneSimulator
		{3AFB301A-862D-412E-BD47-67B32707E22F}.Ad-Hoc|Any CPU.ActiveCfg = Debug|Any CPU
		{3AFB301A-862D-412E-BD47-67B32707E22F}.Ad-Hoc|Any CPU.Build.0 = Debug|Any CPU
		{3AFB301A-862D-412E-BD47-67B32707E22F}.Ad-Hoc|Any CPU.Deploy.0 = Debug|Any CPU
		{3AFB301A-862D-412E-BD47-67B32707E22F}.Ad-Hoc|iPhone.ActiveCfg = Debug|Any CPU
		{3AFB301A-862D-412E-BD47-67B32707E22F}.Ad-Hoc|iPhone.Build.0 = Debug|Any CPU
		{3AFB301A-862D-412E-BD47-67B32707E22F}.Ad-Hoc|iPhone.Deploy.0 = Debug|Any CPU
		{3AFB301A-862D-412E-BD47-67B32707E22F}.Ad-Hoc|iPhoneSimulator.ActiveCfg = Debug|Any CPU
		{3AFB301A-862D-412E-BD47-67B32707E22F}.Ad-Hoc|iPhoneSimulator.Build.0 = Debug|Any CPU
		{3AFB301A-862D-412E-BD47-67B32707E22F}.Ad-Hoc|iPhoneSimulator.Deploy.0 = Debug|Any CPU
		{3AFB301A-862D-412E-BD47-67B32707E22F}.AppStore|Any CPU.ActiveCfg = Debug|Any CPU
		{3AFB301A-862D-412E-BD47-67B32707E22F}.AppStore|Any CPU.Build.0 = Debug|Any CPU
		{3AFB301A-862D-412E-BD47-67B32707E22F}.AppStore|Any CPU.Deploy.0 = Debug|Any CPU
		{3AFB301A-862D-412E-BD47-67B32707E22F}.AppStore|iPhone.ActiveCfg = Debug|Any CPU
		{3AFB301A-862D-412E-BD47-67B32707E22F}.AppStore|iPhone.Build.0 = Debug|Any CPU
		{3AFB301A-862D-412E-BD47-67B32707E22F}.AppStore|iPhone.Deploy.0 = Debug|Any CPU
		{3AFB301A-862D-412E-BD47-67B32707E22F}.AppStore|iPhoneSimulator.ActiveCfg = Debug|Any CPU
		{3AFB301A-862D-412E-BD47-67B32707E22F}.AppStore|iPhoneSimulator.Build.0 = Debug|Any CPU
		{3AFB301A-862D-412E-BD47-67B32707E22F}.AppStore|iPhoneSimulator.Deploy.0 = Debug|Any CPU
		{3AFB301A-862D-412E-BD47-67B32707E22F}.Debug|Any CPU.ActiveCfg = Debug|Any CPU
		{3AFB301A-862D-412E-BD47-67B32707E22F}.Debug|Any CPU.Build.0 = Debug|Any CPU
		{3AFB301A-862D-412E-BD47-67B32707E22F}.Debug|Any CPU.Deploy.0 = Debug|Any CPU
		{3AFB301A-862D-412E-BD47-67B32707E22F}.Debug|iPhone.ActiveCfg = Debug|Any CPU
		{3AFB301A-862D-412E-BD47-67B32707E22F}.Debug|iPhone.Build.0 = Debug|Any CPU
		{3AFB301A-862D-412E-BD47-67B32707E22F}.Debug|iPhone.Deploy.0 = Debug|Any CPU
		{3AFB301A-862D-412E-BD47-67B32707E22F}.Debug|iPhoneSimulator.ActiveCfg = Debug|Any CPU
		{3AFB301A-862D-412E-BD47-67B32707E22F}.Debug|iPhoneSimulator.Build.0 = Debug|Any CPU
		{3AFB301A-862D-412E-BD47-67B32707E22F}.Debug|iPhoneSimulator.Deploy.0 = Debug|Any CPU
		{3AFB301A-862D-412E-BD47-67B32707E22F}.Release|Any CPU.ActiveCfg = Release|Any CPU
		{3AFB301A-862D-412E-BD47-67B32707E22F}.Release|Any CPU.Build.0 = Release|Any CPU
		{3AFB301A-862D-412E-BD47-67B32707E22F}.Release|Any CPU.Deploy.0 = Release|Any CPU
		{3AFB301A-862D-412E-BD47-67B32707E22F}.Release|iPhone.ActiveCfg = Release|Any CPU
		{3AFB301A-862D-412E-BD47-67B32707E22F}.Release|iPhone.Build.0 = Release|Any CPU
		{3AFB301A-862D-412E-BD47-67B32707E22F}.Release|iPhone.Deploy.0 = Release|Any CPU
		{3AFB301A-862D-412E-BD47-67B32707E22F}.Release|iPhoneSimulator.ActiveCfg = Release|Any CPU
		{3AFB301A-862D-412E-BD47-67B32707E22F}.Release|iPhoneSimulator.Build.0 = Release|Any CPU
		{3AFB301A-862D-412E-BD47-67B32707E22F}.Release|iPhoneSimulator.Deploy.0 = Release|Any CPU
	EndGlobalSection
	GlobalSection(SolutionProperties) = preSolution
		HideSolutionNode = FALSE
	EndGlobalSection
	GlobalSection(ExtensibilityGlobals) = postSolution
		SolutionGuid = {AFF6C779-1593-47B0-891B-B328F0A95CEE}
	EndGlobalSection
EndGlobal
